
Microsoft Visual Studio Solution File, Format Version 12.00
# Visual Studio Version 17
VisualStudioVersion = 17.0.31903.59
MinimumVisualStudioVersion = 10.0.40219.1
Project("{9A19103F-16F7-4668-BE54-9A1E7A4F7556}") = "exercise.wwwapi", "exercise.wwwapi\exercise.wwwapi.csproj", "{9F62209C-4592-46DE-8A7B-BA8045753BD2}"
EndProject
Project("{2150E333-8FDC-42A3-9474-1A3956D46DE8}") = "Solution Items", "Solution Items", "{84176869-3BC7-4553-8F9F-21A3229CC044}"
	ProjectSection(SolutionItems) = preProject
		.gitignore = .gitignore
		README.md = README.md
	EndProjectSection
EndProject
Global
	GlobalSection(SolutionConfigurationPlatforms) = preSolution
		Debug|Any CPU = Debug|Any CPU
		Release|Any CPU = Release|Any CPU
	EndGlobalSection
	GlobalSection(ProjectConfigurationPlatforms) = postSolution
		{9F62209C-4592-46DE-8A7B-BA8045753BD2}.Debug|Any CPU.ActiveCfg = Debug|Any CPU
		{9F62209C-4592-46DE-8A7B-BA8045753BD2}.Debug|Any CPU.Build.0 = Debug|Any CPU
		{9F62209C-4592-46DE-8A7B-BA8045753BD2}.Release|Any CPU.ActiveCfg = Release|Any CPU
		{9F62209C-4592-46DE-8A7B-BA8045753BD2}.Release|Any CPU.Build.0 = Release|Any CPU
	EndGlobalSection
	GlobalSection(SolutionProperties) = preSolution
		HideSolutionNode = FALSE
	EndGlobalSection
EndGlobal
